// !$*UTF8*$!
{
	archiveVersion = 1;
	classes = {
	};
	objectVersion = 50;
	objects = {

/* Begin PBXBuildFile section */
		66521CFE248961E00070D6B2 /* D.wav in Resources */ = {isa = PBXBuildFile; fileRef = 66521CF7248961DF0070D6B2 /* D.wav */; };
		66521CFF248961E00070D6B2 /* G.wav in Resources */ = {isa = PBXBuildFile; fileRef = 66521CF8248961DF0070D6B2 /* G.wav */; };
		66521D00248961E00070D6B2 /* E.wav in Resources */ = {isa = PBXBuildFile; fileRef = 66521CF9248961DF0070D6B2 /* E.wav */; };
		66521D01248961E00070D6B2 /* B.wav in Resources */ = {isa = PBXBuildFile; fileRef = 66521CFA248961E00070D6B2 /* B.wav */; };
		66521D02248961E00070D6B2 /* F.wav in Resources */ = {isa = PBXBuildFile; fileRef = 66521CFB248961E00070D6B2 /* F.wav */; };
		66521D03248961E00070D6B2 /* A.wav in Resources */ = {isa = PBXBuildFile; fileRef = 66521CFC248961E00070D6B2 /* A.wav */; };
		66521D04248961E00070D6B2 /* C.wav in Resources */ = {isa = PBXBuildFile; fileRef = 66521CFD248961E00070D6B2 /* C.wav */; };
		666EE6682489524D008BB2AE /* AppDelegate.swift in Sources */ = {isa = PBXBuildFile; fileRef = 666EE6672489524D008BB2AE /* AppDelegate.swift */; };
		666EE66A2489524D008BB2AE /* SceneDelegate.swift in Sources */ = {isa = PBXBuildFile; fileRef = 666EE6692489524D008BB2AE /* SceneDelegate.swift */; };
		666EE66C2489524D008BB2AE /* ViewController.swift in Sources */ = {isa = PBXBuildFile; fileRef = 666EE66B2489524D008BB2AE /* ViewController.swift */; };
		666EE66F2489524D008BB2AE /* Main.storyboard in Resources */ = {isa = PBXBuildFile; fileRef = 666EE66D2489524D008BB2AE /* Main.storyboard */; };
		666EE6712489524E008BB2AE /* Assets.xcassets in Resources */ = {isa = PBXBuildFile; fileRef = 666EE6702489524E008BB2AE /* Assets.xcassets */; };
		666EE6742489524E008BB2AE /* LaunchScreen.storyboard in Resources */ = {isa = PBXBuildFile; fileRef = 666EE6722489524E008BB2AE /* LaunchScreen.storyboard */; };
/* End PBXBuildFile section */

/* Begin PBXFileReference section */
		66521CF7248961DF0070D6B2 /* D.wav */ = {isa = PBXFileReference; lastKnownFileType = audio.wav; path = D.wav; sourceTree = "<group>"; };
		66521CF8248961DF0070D6B2 /* G.wav */ = {isa = PBXFileReference; lastKnownFileType = audio.wav; path = G.wav; sourceTree = "<group>"; };
		66521CF9248961DF0070D6B2 /* E.wav */ = {isa = PBXFileReference; lastKnownFileType = audio.wav; path = E.wav; sourceTree = "<group>"; };
		66521CFA248961E00070D6B2 /* B.wav */ = {isa = PBXFileReference; lastKnownFileType = audio.wav; path = B.wav; sourceTree = "<group>"; };
		66521CFB248961E00070D6B2 /* F.wav */ = {isa = PBXFileReference; lastKnownFileType = audio.wav; path = F.wav; sourceTree = "<group>"; };
		66521CFC248961E00070D6B2 /* A.wav */ = {isa = PBXFileReference; lastKnownFileType = audio.wav; path = A.wav; sourceTree = "<group>"; };
		66521CFD248961E00070D6B2 /* C.wav */ = {isa = PBXFileReference; lastKnownFileType = audio.wav; path = C.wav; sourceTree = "<group>"; };
		666EE6642489524D008BB2AE /* Xylophone.app */ = {isa = PBXFileReference; explicitFileType = wrapper.application; includeInIndex = 0; path = Xylophone.app; sourceTree = BUILT_PRODUCTS_DIR; };
		666EE6672489524D008BB2AE /* AppDelegate.swift */ = {isa = PBXFileReference; lastKnownFileType = sourcecode.swift; path = AppDelegate.swift; sourceTree = "<group>"; };
		666EE6692489524D008BB2AE /* SceneDelegate.swift */ = {isa = PBXFileReference; lastKnownFileType = sourcecode.swift; path = SceneDelegate.swift; sourceTree = "<group>"; };
		666EE66B2489524D008BB2AE /* ViewController.swift */ = {isa = PBXFileReference; lastKnownFileType = sourcecode.swift; path = ViewController.swift; sourceTree = "<group>"; };
		666EE66E2489524D008BB2AE /* Base */ = {isa = PBXFileReference; lastKnownFileType = file.storyboard; name = Base; path = Base.lproj/Main.storyboard; sourceTree = "<group>"; };
		666EE6702489524E008BB2AE /* Assets.xcassets */ = {isa = PBXFileReference; lastKnownFileType = folder.assetcatalog; path = Assets.xcassets; sourceTree = "<group>"; };
		666EE6732489524E008BB2AE /* Base */ = {isa = PBXFileReference; lastKnownFileType = file.storyboard; name = Base; path = Base.lproj/LaunchScreen.storyboard; sourceTree = "<group>"; };
		666EE6752489524E008BB2AE /* Info.plist */ = {isa = PBXFileReference; lastKnownFileType = text.plist.xml; path = Info.plist; sourceTree = "<group>"; };
/* End PBXFileReference section */

/* Begin PBXFrameworksBuildPhase section */
		666EE6612489524D008BB2AE /* Frameworks */ = {
			isa = PBXFrameworksBuildPhase;
			buildActionMask = 2147483647;
			files = (
			);
			runOnlyForDeploymentPostprocessing = 0;
		};
/* End PBXFrameworksBuildPhase section */

/* Begin PBXGroup section */
		666EE65B2489524D008BB2AE = {
			isa = PBXGroup;
			children = (
				666EE6662489524D008BB2AE /* Xylophone */,
				666EE6652489524D008BB2AE /* Products */,
			);
			sourceTree = "<group>";
		};
		666EE6652489524D008BB2AE /* Products */ = {
			isa = PBXGroup;
			children = (
				666EE6642489524D008BB2AE /* Xylophone.app */,
			);
			name = Products;
			sourceTree = "<group>";
		};
		666EE6662489524D008BB2AE /* Xylophone */ = {
			isa = PBXGroup;
			children = (
				666EE6672489524D008BB2AE /* AppDelegate.swift */,
				666EE6692489524D008BB2AE /* SceneDelegate.swift */,
				666EE66B2489524D008BB2AE /* ViewController.swift */,
				666EE66D2489524D008BB2AE /* Main.storyboard */,
				666EE6702489524E008BB2AE /* Assets.xcassets */,
				666EE6722489524E008BB2AE /* LaunchScreen.storyboard */,
				666EE6752489524E008BB2AE /* Info.plist */,
				666EE67B2489572F008BB2AE /* Sounds */,
			);
			path = Xylophone;
			sourceTree = "<group>";
		};
		666EE67B2489572F008BB2AE /* Sounds */ = {
			isa = PBXGroup;
			children = (
				66521CFC248961E00070D6B2 /* A.wav */,
				66521CFA248961E00070D6B2 /* B.wav */,
				66521CFD248961E00070D6B2 /* C.wav */,
				66521CF7248961DF0070D6B2 /* D.wav */,
				66521CF9248961DF0070D6B2 /* E.wav */,
				66521CFB248961E00070D6B2 /* F.wav */,
				66521CF8248961DF0070D6B2 /* G.wav */,
			);
			path = Sounds;
			sourceTree = "<group>";
		};
/* End PBXGroup section */

/* Begin PBXNativeTarget section */
		666EE6632489524D008BB2AE /* Xylophone */ = {
			isa = PBXNativeTarget;
			buildConfigurationList = 666EE6782489524E008BB2AE /* Build configuration list for PBXNativeTarget "Xylophone" */;
			buildPhases = (
				666EE6602489524D008BB2AE /* Sources */,
				666EE6612489524D008BB2AE /* Frameworks */,
				666EE6622489524D008BB2AE /* Resources */,
			);
			buildRules = (
			);
			dependencies = (
			);
			name = Xylophone;
			productName = Xylophone;
			productReference = 666EE6642489524D008BB2AE /* Xylophone.app */;
			productType = "com.apple.product-type.application";
		};
/* End PBXNativeTarget section */

/* Begin PBXProject section */
		666EE65C2489524D008BB2AE /* Project object */ = {
			isa = PBXProject;
			attributes = {
				LastSwiftUpdateCheck = 1140;
				LastUpgradeCheck = 1140;
				ORGANIZATIONNAME = mo3aru;
				TargetAttributes = {
					666EE6632489524D008BB2AE = {
						CreatedOnToolsVersion = 11.4.1;
					};
				};
			};
			buildConfigurationList = 666EE65F2489524D008BB2AE /* Build configuration list for PBXProject "Xylophone" */;
			compatibilityVersion = "Xcode 9.3";
			developmentRegion = en;
			hasScannedForEncodings = 0;
			knownRegions = (
				en,
				Base,
			);
			mainGroup = 666EE65B2489524D008BB2AE;
			productRefGroup = 666EE6652489524D008BB2AE /* Products */;
			projectDirPath = "";
			projectRoot = "";
			targets = (
				666EE6632489524D008BB2AE /* Xylophone */,
			);
		};
/* End PBXProject section */

/* Begin PBXResourcesBuildPhase section */
		666EE6622489524D008BB2AE /* Resources */ = {
			isa = PBXResourcesBuildPhase;
			buildActionMask = 2147483647;
			files = (
				66521D03248961E00070D6B2 /* A.wav in Resources */,
				66521D00248961E00070D6B2 /* E.wav in Resources */,
				666EE6742489524E008BB2AE /* LaunchScreen.storyboard in Resources */,
				66521CFF248961E00070D6B2 /* G.wav in Resources */,
				66521D04248961E00070D6B2 /* C.wav in Resources */,
				66521D01248961E00070D6B2 /* B.wav in Resources */,
				66521CFE248961E00070D6B2 /* D.wav in Resources */,
				666EE6712489524E008BB2AE /* Assets.xcassets in Resources */,
				666EE66F2489524D008BB2AE /* Main.storyboard in Resources */,
				66521D02248961E00070D6B2 /* F.wav in Resources */,
			);
			runOnlyForDeploymentPostprocessing = 0;
		};
/* End PBXResourcesBuildPhase section */

/* Begin PBXSourcesBuildPhase section */
		666EE6602489524D008BB2AE /* Sources */ = {
			isa = PBXSourcesBuildPhase;
			buildActionMask = 2147483647;
			files = (
				666EE66C2489524D008BB2AE /* ViewController.swift in Sources */,
				666EE6682489524D008BB2AE /* AppDelegate.swift in Sources */,
				666EE66A2489524D008BB2AE /* SceneDelegate.swift in Sources */,
			);
			runOnlyForDeploymentPostprocessing = 0;
		};
/* End PBXSourcesBuildPhase section */

/* Begin PBXVariantGroup section */
		666EE66D2489524D008BB2AE /* Main.storyboard */ = {
			isa = PBXVariantGroup;
			children = (
				666EE66E2489524D008BB2AE /* Base */,
			);
			name = Main.storyboard;
			sourceTree = "<group>";
		};
		666EE6722489524E008BB2AE /* LaunchScreen.storyboard */ = {
			isa = PBXVariantGroup;
			children = (
				666EE6732489524E008BB2AE /* Base */,
			);
			name = LaunchScreen.storyboard;
			sourceTree = "<group>";
		};
/* End PBXVariantGroup section */

/* Begin XCBuildConfiguration section */
		666EE6762489524E008BB2AE /* Debug */ = {
			isa = XCBuildConfiguration;
			buildSettings = {
				ALWAYS_SEARCH_USER_PATHS = NO;
				CLANG_ANALYZER_NONNULL = YES;
				CLANG_ANALYZER_NUMBER_OBJECT_CONVERSION = YES_AGGRESSIVE;
				CLANG_CXX_LANGUAGE_STANDARD = "gnu++14";
				CLANG_CXX_LIBRARY = "libc++";
				CLANG_ENABLE_MODULES = YES;
				CLANG_ENABLE_OBJC_ARC = YES;
				CLANG_ENABLE_OBJC_WEAK = YES;
				CLANG_WARN_BLOCK_CAPTURE_AUTORELEASING = YES;
				CLANG_WARN_BOOL_CONVERSION = YES;
				CLANG_WARN_COMMA = YES;
				CLANG_WARN_CONSTANT_CONVERSION = YES;
				CLANG_WARN_DEPRECATED_OBJC_IMPLEMENTATIONS = YES;
				CLANG_WARN_DIRECT_OBJC_ISA_USAGE = YES_ERROR;
				CLANG_WARN_DOCUMENTATION_COMMENTS = YES;
				CLANG_WARN_EMPTY_BODY = YES;
				CLANG_WARN_ENUM_CONVERSION = YES;
				CLANG_WARN_INFINITE_RECURSION = YES;
				CLANG_WARN_INT_CONVERSION = YES;
				CLANG_WARN_NON_LITERAL_NULL_CONVERSION = YES;
				CLANG_WARN_OBJC_IMPLICIT_RETAIN_SELF = YES;
				CLANG_WARN_OBJC_LITERAL_CONVERSION = YES;
				CLANG_WARN_OBJC_ROOT_CLASS = YES_ERROR;
				CLANG_WARN_RANGE_LOOP_ANALYSIS = YES;
				CLANG_WARN_STRICT_PROTOTYPES = YES;
				CLANG_WARN_SUSPICIOUS_MOVE = YES;
				CLANG_WARN_UNGUARDED_AVAILABILITY = YES_AGGRESSIVE;
				CLANG_WARN_UNREACHABLE_CODE = YES;
				CLANG_WARN__DUPLICATE_METHOD_MATCH = YES;
				COPY_PHASE_STRIP = NO;
				DEBUG_INFORMATION_FORMAT = dwarf;
				ENABLE_STRICT_OBJC_MSGSEND = YES;
				ENABLE_TESTABILITY = YES;
				GCC_C_LANGUAGE_STANDARD = gnu11;
				GCC_DYNAMIC_NO_PIC = NO;
				GCC_NO_COMMON_BLOCKS = YES;
				GCC_OPTIMIZATION_LEVEL = 0;
				GCC_PREPROCESSOR_DEFINITIONS = (
					"DEBUG=1",
					"$(inherited)",
				);
				GCC_WARN_64_TO_32_BIT_CONVERSION = YES;
				GCC_WARN_ABOUT_RETURN_TYPE = YES_ERROR;
				GCC_WARN_UNDECLARED_SELECTOR = YES;
				GCC_WARN_UNINITIALIZED_AUTOS = YES_AGGRESSIVE;
				GCC_WARN_UNUSED_FUNCTION = YES;
				GCC_WARN_UNUSED_VARIABLE = YES;
				IPHONEOS_DEPLOYMENT_TARGET = 13.4;
				MTL_ENABLE_DEBUG_INFO = INCLUDE_SOURCE;
				MTL_FAST_MATH = YES;
				ONLY_ACTIVE_ARCH = YES;
				SDKROOT = iphoneos;
				SWIFT_ACTIVE_COMPILATION_CONDITIONS = DEBUG;
				SWIFT_OPTIMIZATION_LEVEL = "-Onone";
			};
			name = Debug;
		};
		666EE6772489524E008BB2AE /* Release */ = {
			isa = XCBuildConfiguration;
			buildSettings = {
				ALWAYS_SEARCH_USER_PATHS = NO;
				CLANG_ANALYZER_NONNULL = YES;
				CLANG_ANALYZER_NUMBER_OBJECT_CONVERSION = YES_AGGRESSIVE;
				CLANG_CXX_LANGUAGE_STANDARD = "gnu++14";
				CLANG_CXX_LIBRARY = "libc++";
				CLANG_ENABLE_MODULES = YES;
				CLANG_ENABLE_OBJC_ARC = YES;
				CLANG_ENABLE_OBJC_WEAK = YES;
				CLANG_WARN_BLOCK_CAPTURE_AUTORELEASING = YES;
				CLANG_WARN_BOOL_CONVERSION = YES;
				CLANG_WARN_COMMA = YES;
				CLANG_WARN_CONSTANT_CONVERSION = YES;
				CLANG_WARN_DEPRECATED_OBJC_IMPLEMENTATIONS = YES;
				CLANG_WARN_DIRECT_OBJC_ISA_USAGE = YES_ERROR;
				CLANG_WARN_DOCUMENTATION_COMMENTS = YES;
				CLANG_WARN_EMPTY_BODY = YES;
				CLANG_WARN_ENUM_CONVERSION = YES;
				CLANG_WARN_INFINITE_RECURSION = YES;
				CLANG_WARN_INT_CONVERSION = YES;
				CLANG_WARN_NON_LITERAL_NULL_CONVERSION = YES;
				CLANG_WARN_OBJC_IMPLICIT_RETAIN_SELF = YES;
				CLANG_WARN_OBJC_LITERAL_CONVERSION = YES;
				CLANG_WARN_OBJC_ROOT_CLASS = YES_ERROR;
				CLANG_WARN_RANGE_LOOP_ANALYSIS = YES;
				CLANG_WARN_STRICT_PROTOTYPES = YES;
				CLANG_WARN_SUSPICIOUS_MOVE = YES;
				CLANG_WARN_UNGUARDED_AVAILABILITY = YES_AGGRESSIVE;
				CLANG_WARN_UNREACHABLE_CODE = YES;
				CLANG_WARN__DUPLICATE_METHOD_MATCH = YES;
				COPY_PHASE_STRIP = NO;
				DEBUG_INFORMATION_FORMAT = "dwarf-with-dsym";
				ENABLE_NS_ASSERTIONS = NO;
				ENABLE_STRICT_OBJC_MSGSEND = YES;
				GCC_C_LANGUAGE_STANDARD = gnu11;
				GCC_NO_COMMON_BLOCKS = YES;
				GCC_WARN_64_TO_32_BIT_CONVERSION = YES;
				GCC_WARN_ABOUT_RETURN_TYPE = YES_ERROR;
				GCC_WARN_UNDECLARED_SELECTOR = YES;
				GCC_WARN_UNINITIALIZED_AUTOS = YES_AGGRESSIVE;
				GCC_WARN_UNUSED_FUNCTION = YES;
				GCC_WARN_UNUSED_VARIABLE = YES;
				IPHONEOS_DEPLOYMENT_TARGET = 13.4;
				MTL_ENABLE_DEBUG_INFO = NO;
				MTL_FAST_MATH = YES;
				SDKROOT = iphoneos;
				SWIFT_COMPILATION_MODE = wholemodule;
				SWIFT_OPTIMIZATION_LEVEL = "-O";
				VALIDATE_PRODUCT = YES;
			};
			name = Release;
		};
		666EE6792489524E008BB2AE /* Debug */ = {
			isa = XCBuildConfiguration;
			buildSettings = {
				ASSETCATALOG_COMPILER_APPICON_NAME = AppIcon;
				CODE_SIGN_STYLE = Automatic;
				INFOPLIST_FILE = Xylophone/Info.plist;
				LD_RUNPATH_SEARCH_PATHS = (
					"$(inherited)",
					"@executable_path/Frameworks",
				);
				PRODUCT_BUNDLE_IDENTIFIER = mo3aru.Xylophone;
				PRODUCT_NAME = "$(TARGET_NAME)";
				SWIFT_VERSION = 5.0;
				TARGETED_DEVICE_FAMILY = "1,2";
			};
			name = Debug;
		};
		666EE67A2489524E008BB2AE /* Release */ = {
			isa = XCBuildConfiguration;
			buildSettings = {
				ASSETCATALOG_COMPILER_APPICON_NAME = AppIcon;
				CODE_SIGN_STYLE = Automatic;
				INFOPLIST_FILE = Xylophone/Info.plist;
				LD_RUNPATH_SEARCH_PATHS = (
					"$(inherited)",
					"@executable_path/Frameworks",
				);
				PRODUCT_BUNDLE_IDENTIFIER = mo3aru.Xylophone;
				PRODUCT_NAME = "$(TARGET_NAME)";
				SWIFT_VERSION = 5.0;
				TARGETED_DEVICE_FAMILY = "1,2";
			};
			name = Release;
		};
/* End XCBuildConfiguration section */

/* Begin XCConfigurationList section */
		666EE65F2489524D008BB2AE /* Build configuration list for PBXProject "Xylophone" */ = {
			isa = XCConfigurationList;
			buildConfigurations = (
				666EE6762489524E008BB2AE /* Debug */,
				666EE6772489524E008BB2AE /* Release */,
			);
			defaultConfigurationIsVisible = 0;
			defaultConfigurationName = Release;
		};
		666EE6782489524E008BB2AE /* Build configuration list for PBXNativeTarget "Xylophone" */ = {
			isa = XCConfigurationList;
			buildConfigurations = (
				666EE6792489524E008BB2AE /* Debug */,
				666EE67A2489524E008BB2AE /* Release */,
			);
			defaultConfigurationIsVisible = 0;
			defaultConfigurationName = Release;
		};
/* End XCConfigurationList section */
	};
	rootObject = 666EE65C2489524D008BB2AE /* Project object */;
}
